
Microsoft Visual Studio Solution File, Format Version 12.00
# Visual Studio Version 16
VisualStudioVersion = 16.0.30105.148
MinimumVisualStudioVersion = 10.0.40219.1
Project("{2150E333-8FDC-42A3-9474-1A3956D46DE8}") = "Graphics", "Graphics", "{15C48474-1D55-43D6-A7BD-998C9FA7EC29}"
EndProject
Project("{2150E333-8FDC-42A3-9474-1A3956D46DE8}") = "Network", "Network", "{AD87033E-0A6E-4849-944A-91D6F72B8FE8}"
EndProject
Project("{8BC9CEB8-8B4A-11D0-8D11-00A0C91BC942}") = "RenderEngine", "RenderEngine\RenderEngine\RenderEngine.vcxproj", "{48642351-416D-497E-9197-3BB749022161}"
EndProject
Project("{8BC9CEB8-8B4A-11D0-8D11-00A0C91BC942}") = "RenderEngineTesting", "RenderEngine\RenderEngineTesting\RenderEngineTesting.vcxproj", "{8D743EC6-5CEF-41D7-A55E-0AB86A1274EB}"
	ProjectSection(ProjectDependencies) = postProject
		{48642351-416D-497E-9197-3BB749022161} = {48642351-416D-497E-9197-3BB749022161}
	EndProjectSection
EndProject
Project("{9A19103F-16F7-4668-BE54-9A1E7A4F7556}") = "GameServer", "GameServer\GameServer.csproj", "{A8813949-2EA7-4219-8C61-DBFBA7C2D852}"
EndProject
Project("{9A19103F-16F7-4668-BE54-9A1E7A4F7556}") = "AuthServer", "AuthServer\AuthServer.csproj", "{D52E6CFE-F119-492A-8F1F-64DCC70E74C6}"
EndProject
Project("{9A19103F-16F7-4668-BE54-9A1E7A4F7556}") = "LibNetworking", "LibNetworking\LibNetworking.csproj", "{987E636B-2C88-4718-949D-E95348C4E700}"
EndProject
Project("{8BC9CEB8-8B4A-11D0-8D11-00A0C91BC942}") = "RenderEngineInterop", "RenderEngine\RenderEngineInterop\RenderEngineInterop.vcxproj", "{5228BD82-61E0-4C20-9984-AAB6A047D2BE}"
EndProject
Project("{9A19103F-16F7-4668-BE54-9A1E7A4F7556}") = "RenderEngineInteropTesting", "RenderEngine\RenderEngineInteropTesting\RenderEngineInteropTesting.csproj", "{59EFA296-26B5-462C-8326-46D16015AAE6}"
EndProject
Global
	GlobalSection(SolutionConfigurationPlatforms) = preSolution
		Debug|x64 = Debug|x64
		Release|x64 = Release|x64
	EndGlobalSection
	GlobalSection(ProjectConfigurationPlatforms) = postSolution
		{48642351-416D-497E-9197-3BB749022161}.Debug|x64.ActiveCfg = Debug|x64
		{48642351-416D-497E-9197-3BB749022161}.Debug|x64.Build.0 = Debug|x64
		{48642351-416D-497E-9197-3BB749022161}.Release|x64.ActiveCfg = Release|x64
		{48642351-416D-497E-9197-3BB749022161}.Release|x64.Build.0 = Release|x64
		{8D743EC6-5CEF-41D7-A55E-0AB86A1274EB}.Debug|x64.ActiveCfg = Debug|x64
		{8D743EC6-5CEF-41D7-A55E-0AB86A1274EB}.Debug|x64.Build.0 = Debug|x64
		{8D743EC6-5CEF-41D7-A55E-0AB86A1274EB}.Release|x64.ActiveCfg = Release|x64
		{8D743EC6-5CEF-41D7-A55E-0AB86A1274EB}.Release|x64.Build.0 = Release|x64
		{A8813949-2EA7-4219-8C61-DBFBA7C2D852}.Debug|x64.ActiveCfg = Debug|Any CPU
		{A8813949-2EA7-4219-8C61-DBFBA7C2D852}.Debug|x64.Build.0 = Debug|Any CPU
		{A8813949-2EA7-4219-8C61-DBFBA7C2D852}.Release|x64.ActiveCfg = Release|Any CPU
		{A8813949-2EA7-4219-8C61-DBFBA7C2D852}.Release|x64.Build.0 = Release|Any CPU
		{D52E6CFE-F119-492A-8F1F-64DCC70E74C6}.Debug|x64.ActiveCfg = Debug|Any CPU
		{D52E6CFE-F119-492A-8F1F-64DCC70E74C6}.Debug|x64.Build.0 = Debug|Any CPU
		{D52E6CFE-F119-492A-8F1F-64DCC70E74C6}.Release|x64.ActiveCfg = Release|Any CPU
		{D52E6CFE-F119-492A-8F1F-64DCC70E74C6}.Release|x64.Build.0 = Release|Any CPU
		{987E636B-2C88-4718-949D-E95348C4E700}.Debug|x64.ActiveCfg = Debug|Any CPU
		{987E636B-2C88-4718-949D-E95348C4E700}.Debug|x64.Build.0 = Debug|Any CPU
		{987E636B-2C88-4718-949D-E95348C4E700}.Release|x64.ActiveCfg = Release|Any CPU
		{987E636B-2C88-4718-949D-E95348C4E700}.Release|x64.Build.0 = Release|Any CPU
		{5228BD82-61E0-4C20-9984-AAB6A047D2BE}.Debug|x64.ActiveCfg = Debug|x64
		{5228BD82-61E0-4C20-9984-AAB6A047D2BE}.Debug|x64.Build.0 = Debug|x64
		{5228BD82-61E0-4C20-9984-AAB6A047D2BE}.Release|x64.ActiveCfg = Release|x64
		{5228BD82-61E0-4C20-9984-AAB6A047D2BE}.Release|x64.Build.0 = Release|x64
		{59EFA296-26B5-462C-8326-46D16015AAE6}.Debug|x64.ActiveCfg = Debug|x64
		{59EFA296-26B5-462C-8326-46D16015AAE6}.Debug|x64.Build.0 = Debug|x64
		{59EFA296-26B5-462C-8326-46D16015AAE6}.Release|x64.ActiveCfg = Release|x64
		{59EFA296-26B5-462C-8326-46D16015AAE6}.Release|x64.Build.0 = Release|x64
	EndGlobalSection
	GlobalSection(SolutionProperties) = preSolution
		HideSolutionNode = FALSE
	EndGlobalSection
	GlobalSection(NestedProjects) = preSolution
		{48642351-416D-497E-9197-3BB749022161} = {15C48474-1D55-43D6-A7BD-998C9FA7EC29}
		{8D743EC6-5CEF-41D7-A55E-0AB86A1274EB} = {15C48474-1D55-43D6-A7BD-998C9FA7EC29}
		{A8813949-2EA7-4219-8C61-DBFBA7C2D852} = {AD87033E-0A6E-4849-944A-91D6F72B8FE8}
		{D52E6CFE-F119-492A-8F1F-64DCC70E74C6} = {AD87033E-0A6E-4849-944A-91D6F72B8FE8}
		{987E636B-2C88-4718-949D-E95348C4E700} = {AD87033E-0A6E-4849-944A-91D6F72B8FE8}
		{5228BD82-61E0-4C20-9984-AAB6A047D2BE} = {15C48474-1D55-43D6-A7BD-998C9FA7EC29}
		{59EFA296-26B5-462C-8326-46D16015AAE6} = {15C48474-1D55-43D6-A7BD-998C9FA7EC29}
	EndGlobalSection
	GlobalSection(ExtensibilityGlobals) = postSolution
		SolutionGuid = {D9FD7EFC-5CB7-47BE-89F0-4914A6350D50}
	EndGlobalSection
EndGlobal
